
Microsoft Visual Studio Solution File, Format Version 12.00
# Visual Studio Version 17
VisualStudioVersion = 17.3.32825.248
MinimumVisualStudioVersion = 10.0.40219.1
Project("{FAE04EC0-301F-11D3-BF4B-00C04F79EFBC}") = "Exec_For01", "Exec_For01\Exec_For01.csproj", "{823809DA-0FAD-4908-A631-0D9F9E25AB5B}"
EndProject
Global
	GlobalSection(SolutionConfigurationPlatforms) = preSolution
		Debug|Any CPU = Debug|Any CPU
		Release|Any CPU = Release|Any CPU
	EndGlobalSection
	GlobalSection(ProjectConfigurationPlatforms) = postSolution
		{823809DA-0FAD-4908-A631-0D9F9E25AB5B}.Debug|Any CPU.ActiveCfg = Debug|Any CPU
		{823809DA-0FAD-4908-A631-0D9F9E25AB5B}.Debug|Any CPU.Build.0 = Debug|Any CPU
		{823809DA-0FAD-4908-A631-0D9F9E25AB5B}.Release|Any CPU.ActiveCfg = Release|Any CPU
		{823809DA-0FAD-4908-A631-0D9F9E25AB5B}.Release|Any CPU.Build.0 = Release|Any CPU
	EndGlobalSection
	GlobalSection(SolutionProperties) = preSolution
		HideSolutionNode = FALSE
	EndGlobalSection
	GlobalSection(ExtensibilityGlobals) = postSolution
		SolutionGuid = {BF55778E-473D-448A-89BD-10D80F1D1336}
	EndGlobalSection
EndGlobal
